
Microsoft Visual Studio Solution File, Format Version 12.00
# Visual Studio Version 16
VisualStudioVersion = 16.0.30523.141
MinimumVisualStudioVersion = 10.0.40219.1
Project("{2150E333-8FDC-42A3-9474-1A3956D46DE8}") = "MVVM", "MVVM", "{44C589B8-89D2-402E-B8DF-1881AE023DA9}"
EndProject
Project("{2150E333-8FDC-42A3-9474-1A3956D46DE8}") = "WPF", "WPF", "{753DC3AD-21A0-4026-A0CF-29C492515F08}"
EndProject
Project("{2150E333-8FDC-42A3-9474-1A3956D46DE8}") = "DTO", "DTO", "{5C412B2D-B46D-4DF1-B337-CF10F5AE2B8F}"
EndProject
Project("{FAE04EC0-301F-11D3-BF4B-00C04F79EFBC}") = "PasswordManager.DTO", "PasswordManager\DTO\PasswordManager.DTO\PasswordManager.DTO.csproj", "{1942CCC4-983F-4140-95C7-FEADFEEDBF26}"
EndProject
Project("{FAE04EC0-301F-11D3-BF4B-00C04F79EFBC}") = "WPFMaterial", "PasswordManager\WPF\WPFMaterial\WPFMaterial.csproj", "{2DE88821-CE8E-420B-B9F0-3FA6BEB80DE4}"
EndProject
Project("{FAE04EC0-301F-11D3-BF4B-00C04F79EFBC}") = "PasswordManager.M", "PasswordManager\MVVM\PasswordManager.M\PasswordManager.M.csproj", "{3F968BAE-8405-4358-B1D7-8033DFB542EE}"
EndProject
Project("{FAE04EC0-301F-11D3-BF4B-00C04F79EFBC}") = "PasswordManager.VM", "PasswordManager\MVVM\PasswordManager.VM\PasswordManager.VM.csproj", "{28EF6167-2712-4830-9B54-2E593AFD469C}"
EndProject
Project("{FAE04EC0-301F-11D3-BF4B-00C04F79EFBC}") = "PasswordManager.V", "PasswordManager\MVVM\PasswordManager.V\PasswordManager.V.csproj", "{16B5A841-1C99-45A2-9C91-01FAA0ECD5ED}"
EndProject
Global
	GlobalSection(SolutionConfigurationPlatforms) = preSolution
		Debug|Any CPU = Debug|Any CPU
		Release|Any CPU = Release|Any CPU
	EndGlobalSection
	GlobalSection(ProjectConfigurationPlatforms) = postSolution
		{1942CCC4-983F-4140-95C7-FEADFEEDBF26}.Debug|Any CPU.ActiveCfg = Debug|Any CPU
		{1942CCC4-983F-4140-95C7-FEADFEEDBF26}.Debug|Any CPU.Build.0 = Debug|Any CPU
		{1942CCC4-983F-4140-95C7-FEADFEEDBF26}.Release|Any CPU.ActiveCfg = Release|Any CPU
		{1942CCC4-983F-4140-95C7-FEADFEEDBF26}.Release|Any CPU.Build.0 = Release|Any CPU
		{2DE88821-CE8E-420B-B9F0-3FA6BEB80DE4}.Debug|Any CPU.ActiveCfg = Debug|Any CPU
		{2DE88821-CE8E-420B-B9F0-3FA6BEB80DE4}.Debug|Any CPU.Build.0 = Debug|Any CPU
		{2DE88821-CE8E-420B-B9F0-3FA6BEB80DE4}.Release|Any CPU.ActiveCfg = Release|Any CPU
		{2DE88821-CE8E-420B-B9F0-3FA6BEB80DE4}.Release|Any CPU.Build.0 = Release|Any CPU
		{3F968BAE-8405-4358-B1D7-8033DFB542EE}.Debug|Any CPU.ActiveCfg = Debug|Any CPU
		{3F968BAE-8405-4358-B1D7-8033DFB542EE}.Debug|Any CPU.Build.0 = Debug|Any CPU
		{3F968BAE-8405-4358-B1D7-8033DFB542EE}.Release|Any CPU.ActiveCfg = Release|Any CPU
		{3F968BAE-8405-4358-B1D7-8033DFB542EE}.Release|Any CPU.Build.0 = Release|Any CPU
		{28EF6167-2712-4830-9B54-2E593AFD469C}.Debug|Any CPU.ActiveCfg = Debug|Any CPU
		{28EF6167-2712-4830-9B54-2E593AFD469C}.Debug|Any CPU.Build.0 = Debug|Any CPU
		{28EF6167-2712-4830-9B54-2E593AFD469C}.Release|Any CPU.ActiveCfg = Release|Any CPU
		{28EF6167-2712-4830-9B54-2E593AFD469C}.Release|Any CPU.Build.0 = Release|Any CPU
		{16B5A841-1C99-45A2-9C91-01FAA0ECD5ED}.Debug|Any CPU.ActiveCfg = Debug|Any CPU
		{16B5A841-1C99-45A2-9C91-01FAA0ECD5ED}.Debug|Any CPU.Build.0 = Debug|Any CPU
		{16B5A841-1C99-45A2-9C91-01FAA0ECD5ED}.Release|Any CPU.ActiveCfg = Release|Any CPU
		{16B5A841-1C99-45A2-9C91-01FAA0ECD5ED}.Release|Any CPU.Build.0 = Release|Any CPU
	EndGlobalSection
	GlobalSection(SolutionProperties) = preSolution
		HideSolutionNode = FALSE
	EndGlobalSection
	GlobalSection(NestedProjects) = preSolution
		{1942CCC4-983F-4140-95C7-FEADFEEDBF26} = {5C412B2D-B46D-4DF1-B337-CF10F5AE2B8F}
		{2DE88821-CE8E-420B-B9F0-3FA6BEB80DE4} = {753DC3AD-21A0-4026-A0CF-29C492515F08}
		{3F968BAE-8405-4358-B1D7-8033DFB542EE} = {44C589B8-89D2-402E-B8DF-1881AE023DA9}
		{28EF6167-2712-4830-9B54-2E593AFD469C} = {44C589B8-89D2-402E-B8DF-1881AE023DA9}
		{16B5A841-1C99-45A2-9C91-01FAA0ECD5ED} = {44C589B8-89D2-402E-B8DF-1881AE023DA9}
	EndGlobalSection
	GlobalSection(ExtensibilityGlobals) = postSolution
		SolutionGuid = {44FD2DBB-D4EA-44E0-BD71-8A8A450A688A}
	EndGlobalSection
EndGlobal
